
Microsoft Visual Studio Solution File, Format Version 12.00
# Visual Studio Version 16
VisualStudioVersion = 16.0.31005.135
MinimumVisualStudioVersion = 10.0.40219.1
Project("{FAE04EC0-301F-11D3-BF4B-00C04F79EFBC}") = "ChatApp", "ChatApp\ChatApp.csproj", "{AEBF2BC1-3170-4B03-BEE3-343468336D1B}"
EndProject
Global
	GlobalSection(SolutionConfigurationPlatforms) = preSolution
		Debug|Any CPU = Debug|Any CPU
		Release|Any CPU = Release|Any CPU
	EndGlobalSection
	GlobalSection(ProjectConfigurationPlatforms) = postSolution
		{AEBF2BC1-3170-4B03-BEE3-343468336D1B}.Debug|Any CPU.ActiveCfg = Debug|Any CPU
		{AEBF2BC1-3170-4B03-BEE3-343468336D1B}.Debug|Any CPU.Build.0 = Debug|Any CPU
		{AEBF2BC1-3170-4B03-BEE3-343468336D1B}.Release|Any CPU.ActiveCfg = Release|Any CPU
		{AEBF2BC1-3170-4B03-BEE3-343468336D1B}.Release|Any CPU.Build.0 = Release|Any CPU
	EndGlobalSection
	GlobalSection(SolutionProperties) = preSolution
		HideSolutionNode = FALSE
	EndGlobalSection
	GlobalSection(ExtensibilityGlobals) = postSolution
		SolutionGuid = {6A63E2A7-E90B-49DA-9EF0-14EDFFC107BC}
	EndGlobalSection
EndGlobal
